
Microsoft Visual Studio Solution File, Format Version 12.00
# Visual Studio 15
VisualStudioVersion = 15.0.28307.852
MinimumVisualStudioVersion = 10.0.40219.1
Project("{FAE04EC0-301F-11D3-BF4B-00C04F79EFBC}") = "UsingViewComponents", "UsingViewComponents\UsingViewComponents.csproj", "{50A472DD-E8EA-42DD-9A93-45E44D503EB5}"
EndProject
Project("{FAE04EC0-301F-11D3-BF4B-00C04F79EFBC}") = "UsingViewComponents.Tests", "UsingViewComponents.Tests\UsingViewComponents.Tests.csproj", "{D82DE4A2-3CAA-4F0D-9176-83144D476683}"
EndProject
Global
	GlobalSection(SolutionConfigurationPlatforms) = preSolution
		Debug|Any CPU = Debug|Any CPU
		Release|Any CPU = Release|Any CPU
	EndGlobalSection
	GlobalSection(ProjectConfigurationPlatforms) = postSolution
		{50A472DD-E8EA-42DD-9A93-45E44D503EB5}.Debug|Any CPU.ActiveCfg = Debug|Any CPU
		{50A472DD-E8EA-42DD-9A93-45E44D503EB5}.Debug|Any CPU.Build.0 = Debug|Any CPU
		{50A472DD-E8EA-42DD-9A93-45E44D503EB5}.Release|Any CPU.ActiveCfg = Release|Any CPU
		{50A472DD-E8EA-42DD-9A93-45E44D503EB5}.Release|Any CPU.Build.0 = Release|Any CPU
		{D82DE4A2-3CAA-4F0D-9176-83144D476683}.Debug|Any CPU.ActiveCfg = Debug|Any CPU
		{D82DE4A2-3CAA-4F0D-9176-83144D476683}.Debug|Any CPU.Build.0 = Debug|Any CPU
		{D82DE4A2-3CAA-4F0D-9176-83144D476683}.Release|Any CPU.ActiveCfg = Release|Any CPU
		{D82DE4A2-3CAA-4F0D-9176-83144D476683}.Release|Any CPU.Build.0 = Release|Any CPU
	EndGlobalSection
	GlobalSection(SolutionProperties) = preSolution
		HideSolutionNode = FALSE
	EndGlobalSection
	GlobalSection(ExtensibilityGlobals) = postSolution
		SolutionGuid = {6C0EEB61-7647-46B7-8CF8-1C1111E1BF05}
	EndGlobalSection
EndGlobal
