
Microsoft Visual Studio Solution File, Format Version 12.00
# Visual Studio 15
VisualStudioVersion = 15.0.28307.852
MinimumVisualStudioVersion = 10.0.40219.1
Project("{FAE04EC0-301F-11D3-BF4B-00C04F79EFBC}") = "Filters", "Filters\Filters.csproj", "{FBE66250-28F5-4B2F-AB2B-12DCD6BF8684}"
EndProject
Project("{FAE04EC0-301F-11D3-BF4B-00C04F79EFBC}") = "Filters.Tests", "Filters.Tests\Filters.Tests.csproj", "{18226DA7-FBDF-445E-9A25-3956CF249DBD}"
EndProject
Global
	GlobalSection(SolutionConfigurationPlatforms) = preSolution
		Debug|Any CPU = Debug|Any CPU
		Release|Any CPU = Release|Any CPU
	EndGlobalSection
	GlobalSection(ProjectConfigurationPlatforms) = postSolution
		{FBE66250-28F5-4B2F-AB2B-12DCD6BF8684}.Debug|Any CPU.ActiveCfg = Debug|Any CPU
		{FBE66250-28F5-4B2F-AB2B-12DCD6BF8684}.Debug|Any CPU.Build.0 = Debug|Any CPU
		{FBE66250-28F5-4B2F-AB2B-12DCD6BF8684}.Release|Any CPU.ActiveCfg = Release|Any CPU
		{FBE66250-28F5-4B2F-AB2B-12DCD6BF8684}.Release|Any CPU.Build.0 = Release|Any CPU
		{18226DA7-FBDF-445E-9A25-3956CF249DBD}.Debug|Any CPU.ActiveCfg = Debug|Any CPU
		{18226DA7-FBDF-445E-9A25-3956CF249DBD}.Debug|Any CPU.Build.0 = Debug|Any CPU
		{18226DA7-FBDF-445E-9A25-3956CF249DBD}.Release|Any CPU.ActiveCfg = Release|Any CPU
		{18226DA7-FBDF-445E-9A25-3956CF249DBD}.Release|Any CPU.Build.0 = Release|Any CPU
	EndGlobalSection
	GlobalSection(SolutionProperties) = preSolution
		HideSolutionNode = FALSE
	EndGlobalSection
	GlobalSection(ExtensibilityGlobals) = postSolution
		SolutionGuid = {6E3C0DBB-0564-4A0A-BE56-8EF5DA2B1C97}
	EndGlobalSection
EndGlobal
