
Microsoft Visual Studio Solution File, Format Version 12.00
# Visual Studio 15
VisualStudioVersion = 15.0.28307.852
MinimumVisualStudioVersion = 10.0.40219.1
Project("{FAE04EC0-301F-11D3-BF4B-00C04F79EFBC}") = "ConfiguringApps", "ConfiguringApps\ConfiguringApps.csproj", "{01B7F6C7-CB73-4279-8458-30C1F48F7585}"
EndProject
Global
	GlobalSection(SolutionConfigurationPlatforms) = preSolution
		Debug|Any CPU = Debug|Any CPU
		Release|Any CPU = Release|Any CPU
	EndGlobalSection
	GlobalSection(ProjectConfigurationPlatforms) = postSolution
		{01B7F6C7-CB73-4279-8458-30C1F48F7585}.Debug|Any CPU.ActiveCfg = Debug|Any CPU
		{01B7F6C7-CB73-4279-8458-30C1F48F7585}.Debug|Any CPU.Build.0 = Debug|Any CPU
		{01B7F6C7-CB73-4279-8458-30C1F48F7585}.Release|Any CPU.ActiveCfg = Release|Any CPU
		{01B7F6C7-CB73-4279-8458-30C1F48F7585}.Release|Any CPU.Build.0 = Release|Any CPU
	EndGlobalSection
	GlobalSection(SolutionProperties) = preSolution
		HideSolutionNode = FALSE
	EndGlobalSection
	GlobalSection(ExtensibilityGlobals) = postSolution
		SolutionGuid = {1576D0FD-F6A8-4DB3-B586-95B2B9E47552}
	EndGlobalSection
EndGlobal
